
Microsoft Visual Studio Solution File, Format Version 12.00
# Visual Studio Version 16
VisualStudioVersion = 16.0.31205.134
MinimumVisualStudioVersion = 10.0.40219.1
Project("{FAE04EC0-301F-11D3-BF4B-00C04F79EFBC}") = "SIMS2021-wpf", "SIMS2021-wpf\SIMS2021-wpf.csproj", "{2C1887A4-4FBF-4958-BDE6-8FF6810F3F77}"
EndProject
Global
	GlobalSection(SolutionConfigurationPlatforms) = preSolution
		Debug|Any CPU = Debug|Any CPU
		Release|Any CPU = Release|Any CPU
	EndGlobalSection
	GlobalSection(ProjectConfigurationPlatforms) = postSolution
		{2C1887A4-4FBF-4958-BDE6-8FF6810F3F77}.Debug|Any CPU.ActiveCfg = Debug|Any CPU
		{2C1887A4-4FBF-4958-BDE6-8FF6810F3F77}.Debug|Any CPU.Build.0 = Debug|Any CPU
		{2C1887A4-4FBF-4958-BDE6-8FF6810F3F77}.Release|Any CPU.ActiveCfg = Release|Any CPU
		{2C1887A4-4FBF-4958-BDE6-8FF6810F3F77}.Release|Any CPU.Build.0 = Release|Any CPU
	EndGlobalSection
	GlobalSection(SolutionProperties) = preSolution
		HideSolutionNode = FALSE
	EndGlobalSection
	GlobalSection(ExtensibilityGlobals) = postSolution
		SolutionGuid = {47CF0FE3-F93B-4D09-ABC8-8F06CE042B30}
	EndGlobalSection
EndGlobal
